// !$*UTF8*$!
{
	archiveVersion = 1;
	classes = {
	};
	objectVersion = 56;
	objects = {

/* Begin PBXBuildFile section */
		E162C27C2AE2ADB5008C34A4 /* LoginUIComposer.swift in Sources */ = {isa = PBXBuildFile; fileRef = E162C27B2AE2ADB5008C34A4 /* LoginUIComposer.swift */; };
		E162C2802AE2CA59008C34A4 /* ProceedResourcePresenter.swift in Sources */ = {isa = PBXBuildFile; fileRef = E162C27F2AE2CA59008C34A4 /* ProceedResourcePresenter.swift */; };
		E162C2822AE2CA6A008C34A4 /* ProceedResourceSucceedView.swift in Sources */ = {isa = PBXBuildFile; fileRef = E162C2812AE2CA6A008C34A4 /* ProceedResourceSucceedView.swift */; };
		E162C2842AE2CAE2008C34A4 /* ProceedResourceLoadingViewModel.swift in Sources */ = {isa = PBXBuildFile; fileRef = E162C2832AE2CAE2008C34A4 /* ProceedResourceLoadingViewModel.swift */; };
		E162C2862AE2CAFD008C34A4 /* ProceedResourceLoadingView.swift in Sources */ = {isa = PBXBuildFile; fileRef = E162C2852AE2CAFD008C34A4 /* ProceedResourceLoadingView.swift */; };
		E162C2882AE2CB1D008C34A4 /* ProceedResourceErrorViewModel.swift in Sources */ = {isa = PBXBuildFile; fileRef = E162C2872AE2CB1D008C34A4 /* ProceedResourceErrorViewModel.swift */; };
		E162C28A2AE2CB34008C34A4 /* ProceedResourceErrorView.swift in Sources */ = {isa = PBXBuildFile; fileRef = E162C2892AE2CB34008C34A4 /* ProceedResourceErrorView.swift */; };
		E162C28C2AE2CBA0008C34A4 /* ProceedResourcePresentationAdapter.swift in Sources */ = {isa = PBXBuildFile; fileRef = E162C28B2AE2CBA0008C34A4 /* ProceedResourcePresentationAdapter.swift */; };
		E162C28F2AE2CC17008C34A4 /* WeakRefVirtualProxy.swift in Sources */ = {isa = PBXBuildFile; fileRef = E162C28E2AE2CC17008C34A4 /* WeakRefVirtualProxy.swift */; };
		E162C2932AE2CD7E008C34A4 /* CombineHelpers.swift in Sources */ = {isa = PBXBuildFile; fileRef = E162C2922AE2CD7E008C34A4 /* CombineHelpers.swift */; };
		E162C2982AE2CE5E008C34A4 /* RegistrationUIComposer.swift in Sources */ = {isa = PBXBuildFile; fileRef = E162C2972AE2CE5E008C34A4 /* RegistrationUIComposer.swift */; };
		E162C29A2AE2CF2D008C34A4 /* RegistrationErrorViewAdapter.swift in Sources */ = {isa = PBXBuildFile; fileRef = E162C2992AE2CF2D008C34A4 /* RegistrationErrorViewAdapter.swift */; };
		E162C29D2AE2CFB5008C34A4 /* AuthCoordinator.swift in Sources */ = {isa = PBXBuildFile; fileRef = E162C29C2AE2CFB5008C34A4 /* AuthCoordinator.swift */; };
		E162C29F2AE2DB25008C34A4 /* NullStore.swift in Sources */ = {isa = PBXBuildFile; fileRef = E162C29E2AE2DB25008C34A4 /* NullStore.swift */; };
		E162C2A12AE2DB67008C34A4 /* AuthError.swift in Sources */ = {isa = PBXBuildFile; fileRef = E162C2A02AE2DB67008C34A4 /* AuthError.swift */; };
		E162C2A42AE2DC3B008C34A4 /* LoginErrorViewAdapter.swift in Sources */ = {isa = PBXBuildFile; fileRef = E162C2A32AE2DC3B008C34A4 /* LoginErrorViewAdapter.swift */; };
		E162C2A72AE2EB99008C34A4 /* HTTPClient.swift in Sources */ = {isa = PBXBuildFile; fileRef = E162C2A62AE2EB99008C34A4 /* HTTPClient.swift */; };
		E162C2AA2AE2EFA0008C34A4 /* Alamofire in Frameworks */ = {isa = PBXBuildFile; productRef = E162C2A92AE2EFA0008C34A4 /* Alamofire */; };
		E162C2AD2AE2F026008C34A4 /* AlamofireHTTPClient.swift in Sources */ = {isa = PBXBuildFile; fileRef = E162C2AC2AE2F026008C34A4 /* AlamofireHTTPClient.swift */; };
		E162C2B22AE2F319008C34A4 /* AlamofireHTTPClientTests.swift in Sources */ = {isa = PBXBuildFile; fileRef = E162C2B12AE2F319008C34A4 /* AlamofireHTTPClientTests.swift */; };
		E17C0CAF2AE0E91B005AAF2F /* AppDelegate.swift in Sources */ = {isa = PBXBuildFile; fileRef = E17C0CAE2AE0E91B005AAF2F /* AppDelegate.swift */; };
		E17C0CB12AE0E91B005AAF2F /* SceneDelegate.swift in Sources */ = {isa = PBXBuildFile; fileRef = E17C0CB02AE0E91B005AAF2F /* SceneDelegate.swift */; };
		E17C0CB82AE0E91C005AAF2F /* Assets.xcassets in Resources */ = {isa = PBXBuildFile; fileRef = E17C0CB72AE0E91C005AAF2F /* Assets.xcassets */; };
		E17C0CBB2AE0E91C005AAF2F /* LaunchScreen.storyboard in Resources */ = {isa = PBXBuildFile; fileRef = E17C0CB92AE0E91C005AAF2F /* LaunchScreen.storyboard */; };
		E17C0CC72AE0F228005AAF2F /* Login.storyboard in Resources */ = {isa = PBXBuildFile; fileRef = E17C0CC62AE0F228005AAF2F /* Login.storyboard */; };
		E17C0CCA2AE111AA005AAF2F /* LoginViewController.swift in Sources */ = {isa = PBXBuildFile; fileRef = E17C0CC92AE111AA005AAF2F /* LoginViewController.swift */; };
		E17C0CDB2AE1201A005AAF2F /* LoginSnapshotTests.swift in Sources */ = {isa = PBXBuildFile; fileRef = E17C0CDA2AE1201A005AAF2F /* LoginSnapshotTests.swift */; };
		E17C0CDE2AE1205C005AAF2F /* XCTestCase+Snapshot.swift in Sources */ = {isa = PBXBuildFile; fileRef = E17C0CDD2AE1205C005AAF2F /* XCTestCase+Snapshot.swift */; };
		E17C0CE02AE12087005AAF2F /* UIViewController+Snapshot.swift in Sources */ = {isa = PBXBuildFile; fileRef = E17C0CDF2AE12087005AAF2F /* UIViewController+Snapshot.swift */; };
		E18F14BB2AE1B90700163139 /* AuthenticateUserAccountStore.swift in Sources */ = {isa = PBXBuildFile; fileRef = E18F14BA2AE1B90700163139 /* AuthenticateUserAccountStore.swift */; };
		E18F14C12AE1B9F700163139 /* KeychainAuthenticateUserAccountStoreTests.swift in Sources */ = {isa = PBXBuildFile; fileRef = E18F14C02AE1B9F700163139 /* KeychainAuthenticateUserAccountStoreTests.swift */; };
		E18F14C42AE1C3C900163139 /* KeychainStore.swift in Sources */ = {isa = PBXBuildFile; fileRef = E18F14C32AE1C3C900163139 /* KeychainStore.swift */; };
		E18F14C72AE1EFBF00163139 /* XCTestCase+MemoryLeakTracking.swift in Sources */ = {isa = PBXBuildFile; fileRef = E18F14C62AE1EFBF00163139 /* XCTestCase+MemoryLeakTracking.swift */; };
		E18F14CC2AE1F2A000163139 /* UserAccountsStore.xcdatamodeld in Sources */ = {isa = PBXBuildFile; fileRef = E18F14CA2AE1F2A000163139 /* UserAccountsStore.xcdatamodeld */; };
		E18F14CE2AE1F54700163139 /* CoreDataUserAccountStore.swift in Sources */ = {isa = PBXBuildFile; fileRef = E18F14CD2AE1F54700163139 /* CoreDataUserAccountStore.swift */; };
		E18F14D02AE1F5C200163139 /* CoreDataHelpers.swift in Sources */ = {isa = PBXBuildFile; fileRef = E18F14CF2AE1F5C200163139 /* CoreDataHelpers.swift */; };
		E18F14D22AE1F62900163139 /* ManagedUserAccount.swift in Sources */ = {isa = PBXBuildFile; fileRef = E18F14D12AE1F62900163139 /* ManagedUserAccount.swift */; };
		E18F14D42AE26FF600163139 /* CoreDataUserAccountStore+UserAccountStore.swift in Sources */ = {isa = PBXBuildFile; fileRef = E18F14D32AE26FF600163139 /* CoreDataUserAccountStore+UserAccountStore.swift */; };
		E18F14D62AE271CD00163139 /* ManagedCache.swift in Sources */ = {isa = PBXBuildFile; fileRef = E18F14D52AE271CD00163139 /* ManagedCache.swift */; };
		E18F14D92AE279C600163139 /* CoreDataUserAccountStoreTests.swift in Sources */ = {isa = PBXBuildFile; fileRef = E18F14D82AE279C600163139 /* CoreDataUserAccountStoreTests.swift */; };
		E18F14DC2AE27D3D00163139 /* UserAccountsCacheTestHelpers.swift in Sources */ = {isa = PBXBuildFile; fileRef = E18F14DB2AE27D3D00163139 /* UserAccountsCacheTestHelpers.swift */; };
		E1A5020A2AE12B160049C49E /* LoginViewController+SnapshotHelpers.swift in Sources */ = {isa = PBXBuildFile; fileRef = E1A502092AE12B160049C49E /* LoginViewController+SnapshotHelpers.swift */; };
		E1A5020E2AE12C3B0049C49E /* Registration.storyboard in Resources */ = {isa = PBXBuildFile; fileRef = E1A5020D2AE12C3B0049C49E /* Registration.storyboard */; };
		E1A502112AE12CFE0049C49E /* RegistrationViewController.swift in Sources */ = {isa = PBXBuildFile; fileRef = E1A502102AE12CFE0049C49E /* RegistrationViewController.swift */; };
		E1A502142AE1468C0049C49E /* RegistrationSnapshotTests.swift in Sources */ = {isa = PBXBuildFile; fileRef = E1A502132AE1468C0049C49E /* RegistrationSnapshotTests.swift */; };
		E1A502172AE14B910049C49E /* RegistrationViewController+SnapshotHelpers.swift in Sources */ = {isa = PBXBuildFile; fileRef = E1A502162AE14B910049C49E /* RegistrationViewController+SnapshotHelpers.swift */; };
		E1A5021F2AE152070049C49E /* CacheUserAccountUseCaseTests.swift in Sources */ = {isa = PBXBuildFile; fileRef = E1A5021E2AE152070049C49E /* CacheUserAccountUseCaseTests.swift */; };
		E1C482C92AE185F90010E598 /* RegistrationUserAccount.swift in Sources */ = {isa = PBXBuildFile; fileRef = E1C482C82AE185F90010E598 /* RegistrationUserAccount.swift */; };
		E1C482CD2AE186910010E598 /* UserAccountStore.swift in Sources */ = {isa = PBXBuildFile; fileRef = E1C482CC2AE186910010E598 /* UserAccountStore.swift */; };
		E1C482CF2AE186A80010E598 /* StoredUserAccount.swift in Sources */ = {isa = PBXBuildFile; fileRef = E1C482CE2AE186A80010E598 /* StoredUserAccount.swift */; };
		E1C482D22AE1872B0010E598 /* RegistrationUserAccountService.swift in Sources */ = {isa = PBXBuildFile; fileRef = E1C482D12AE1872B0010E598 /* RegistrationUserAccountService.swift */; };
		E1C482D62AE188190010E598 /* AuthenticateUserAccount.swift in Sources */ = {isa = PBXBuildFile; fileRef = E1C482D52AE188190010E598 /* AuthenticateUserAccount.swift */; };
		E1C482DE2AE194BE0010E598 /* AuthenticateUserAccountMapper.swift in Sources */ = {isa = PBXBuildFile; fileRef = E1C482DD2AE194BE0010E598 /* AuthenticateUserAccountMapper.swift */; };
		E1C482E12AE197860010E598 /* AuthenticateUserAccountMapperTests.swift in Sources */ = {isa = PBXBuildFile; fileRef = E1C482E02AE197860010E598 /* AuthenticateUserAccountMapperTests.swift */; };
/* End PBXBuildFile section */

/* Begin PBXContainerItemProxy section */
		E17C0CD32AE11FA0005AAF2F /* PBXContainerItemProxy */ = {
			isa = PBXContainerItemProxy;
			containerPortal = E17C0CA32AE0E91B005AAF2F /* Project object */;
			proxyType = 1;
			remoteGlobalIDString = E17C0CAA2AE0E91B005AAF2F;
			remoteInfo = Meals;
		};
/* End PBXContainerItemProxy section */

/* Begin PBXFileReference section */
		E162C27B2AE2ADB5008C34A4 /* LoginUIComposer.swift */ = {isa = PBXFileReference; lastKnownFileType = sourcecode.swift; path = LoginUIComposer.swift; sourceTree = "<group>"; };
		E162C27F2AE2CA59008C34A4 /* ProceedResourcePresenter.swift */ = {isa = PBXFileReference; lastKnownFileType = sourcecode.swift; path = ProceedResourcePresenter.swift; sourceTree = "<group>"; };
		E162C2812AE2CA6A008C34A4 /* ProceedResourceSucceedView.swift */ = {isa = PBXFileReference; lastKnownFileType = sourcecode.swift; path = ProceedResourceSucceedView.swift; sourceTree = "<group>"; };
		E162C2832AE2CAE2008C34A4 /* ProceedResourceLoadingViewModel.swift */ = {isa = PBXFileReference; lastKnownFileType = sourcecode.swift; path = ProceedResourceLoadingViewModel.swift; sourceTree = "<group>"; };
		E162C2852AE2CAFD008C34A4 /* ProceedResourceLoadingView.swift */ = {isa = PBXFileReference; lastKnownFileType = sourcecode.swift; path = ProceedResourceLoadingView.swift; sourceTree = "<group>"; };
		E162C2872AE2CB1D008C34A4 /* ProceedResourceErrorViewModel.swift */ = {isa = PBXFileReference; lastKnownFileType = sourcecode.swift; path = ProceedResourceErrorViewModel.swift; sourceTree = "<group>"; };
		E162C2892AE2CB34008C34A4 /* ProceedResourceErrorView.swift */ = {isa = PBXFileReference; lastKnownFileType = sourcecode.swift; path = ProceedResourceErrorView.swift; sourceTree = "<group>"; };
		E162C28B2AE2CBA0008C34A4 /* ProceedResourcePresentationAdapter.swift */ = {isa = PBXFileReference; lastKnownFileType = sourcecode.swift; path = ProceedResourcePresentationAdapter.swift; sourceTree = "<group>"; };
		E162C28E2AE2CC17008C34A4 /* WeakRefVirtualProxy.swift */ = {isa = PBXFileReference; lastKnownFileType = sourcecode.swift; path = WeakRefVirtualProxy.swift; sourceTree = "<group>"; };
		E162C2922AE2CD7E008C34A4 /* CombineHelpers.swift */ = {isa = PBXFileReference; lastKnownFileType = sourcecode.swift; path = CombineHelpers.swift; sourceTree = "<group>"; };
		E162C2972AE2CE5E008C34A4 /* RegistrationUIComposer.swift */ = {isa = PBXFileReference; lastKnownFileType = sourcecode.swift; path = RegistrationUIComposer.swift; sourceTree = "<group>"; };
		E162C2992AE2CF2D008C34A4 /* RegistrationErrorViewAdapter.swift */ = {isa = PBXFileReference; lastKnownFileType = sourcecode.swift; path = RegistrationErrorViewAdapter.swift; sourceTree = "<group>"; };
		E162C29C2AE2CFB5008C34A4 /* AuthCoordinator.swift */ = {isa = PBXFileReference; lastKnownFileType = sourcecode.swift; path = AuthCoordinator.swift; sourceTree = "<group>"; };
		E162C29E2AE2DB25008C34A4 /* NullStore.swift */ = {isa = PBXFileReference; lastKnownFileType = sourcecode.swift; path = NullStore.swift; sourceTree = "<group>"; };
		E162C2A02AE2DB67008C34A4 /* AuthError.swift */ = {isa = PBXFileReference; lastKnownFileType = sourcecode.swift; path = AuthError.swift; sourceTree = "<group>"; };
		E162C2A32AE2DC3B008C34A4 /* LoginErrorViewAdapter.swift */ = {isa = PBXFileReference; lastKnownFileType = sourcecode.swift; path = LoginErrorViewAdapter.swift; sourceTree = "<group>"; };
		E162C2A62AE2EB99008C34A4 /* HTTPClient.swift */ = {isa = PBXFileReference; lastKnownFileType = sourcecode.swift; path = HTTPClient.swift; sourceTree = "<group>"; };
		E162C2AC2AE2F026008C34A4 /* AlamofireHTTPClient.swift */ = {isa = PBXFileReference; lastKnownFileType = sourcecode.swift; path = AlamofireHTTPClient.swift; sourceTree = "<group>"; };
		E162C2B12AE2F319008C34A4 /* AlamofireHTTPClientTests.swift */ = {isa = PBXFileReference; lastKnownFileType = sourcecode.swift; path = AlamofireHTTPClientTests.swift; sourceTree = "<group>"; };
		E17C0CAB2AE0E91B005AAF2F /* Meals.app */ = {isa = PBXFileReference; explicitFileType = wrapper.application; includeInIndex = 0; path = Meals.app; sourceTree = BUILT_PRODUCTS_DIR; };
		E17C0CAE2AE0E91B005AAF2F /* AppDelegate.swift */ = {isa = PBXFileReference; lastKnownFileType = sourcecode.swift; path = AppDelegate.swift; sourceTree = "<group>"; };
		E17C0CB02AE0E91B005AAF2F /* SceneDelegate.swift */ = {isa = PBXFileReference; lastKnownFileType = sourcecode.swift; path = SceneDelegate.swift; sourceTree = "<group>"; };
		E17C0CB72AE0E91C005AAF2F /* Assets.xcassets */ = {isa = PBXFileReference; lastKnownFileType = folder.assetcatalog; path = Assets.xcassets; sourceTree = "<group>"; };
		E17C0CBA2AE0E91C005AAF2F /* Base */ = {isa = PBXFileReference; lastKnownFileType = file.storyboard; name = Base; path = Base.lproj/LaunchScreen.storyboard; sourceTree = "<group>"; };
		E17C0CBC2AE0E91C005AAF2F /* Info.plist */ = {isa = PBXFileReference; lastKnownFileType = text.plist.xml; path = Info.plist; sourceTree = "<group>"; };
		E17C0CC62AE0F228005AAF2F /* Login.storyboard */ = {isa = PBXFileReference; lastKnownFileType = file.storyboard; path = Login.storyboard; sourceTree = "<group>"; };
		E17C0CC92AE111AA005AAF2F /* LoginViewController.swift */ = {isa = PBXFileReference; lastKnownFileType = sourcecode.swift; path = LoginViewController.swift; sourceTree = "<group>"; };
		E17C0CCF2AE11FA0005AAF2F /* MealsTests.xctest */ = {isa = PBXFileReference; explicitFileType = wrapper.cfbundle; includeInIndex = 0; path = MealsTests.xctest; sourceTree = BUILT_PRODUCTS_DIR; };
		E17C0CDA2AE1201A005AAF2F /* LoginSnapshotTests.swift */ = {isa = PBXFileReference; lastKnownFileType = sourcecode.swift; path = LoginSnapshotTests.swift; sourceTree = "<group>"; };
		E17C0CDD2AE1205C005AAF2F /* XCTestCase+Snapshot.swift */ = {isa = PBXFileReference; lastKnownFileType = sourcecode.swift; path = "XCTestCase+Snapshot.swift"; sourceTree = "<group>"; };
		E17C0CDF2AE12087005AAF2F /* UIViewController+Snapshot.swift */ = {isa = PBXFileReference; lastKnownFileType = sourcecode.swift; path = "UIViewController+Snapshot.swift"; sourceTree = "<group>"; };
		E18F14BA2AE1B90700163139 /* AuthenticateUserAccountStore.swift */ = {isa = PBXFileReference; lastKnownFileType = sourcecode.swift; path = AuthenticateUserAccountStore.swift; sourceTree = "<group>"; };
		E18F14C02AE1B9F700163139 /* KeychainAuthenticateUserAccountStoreTests.swift */ = {isa = PBXFileReference; lastKnownFileType = sourcecode.swift; path = KeychainAuthenticateUserAccountStoreTests.swift; sourceTree = "<group>"; };
		E18F14C32AE1C3C900163139 /* KeychainStore.swift */ = {isa = PBXFileReference; lastKnownFileType = sourcecode.swift; path = KeychainStore.swift; sourceTree = "<group>"; };
		E18F14C62AE1EFBF00163139 /* XCTestCase+MemoryLeakTracking.swift */ = {isa = PBXFileReference; lastKnownFileType = sourcecode.swift; path = "XCTestCase+MemoryLeakTracking.swift"; sourceTree = "<group>"; };
		E18F14CB2AE1F2A000163139 /* UserAccountsStore.xcdatamodel */ = {isa = PBXFileReference; lastKnownFileType = wrapper.xcdatamodel; path = UserAccountsStore.xcdatamodel; sourceTree = "<group>"; };
		E18F14CD2AE1F54700163139 /* CoreDataUserAccountStore.swift */ = {isa = PBXFileReference; lastKnownFileType = sourcecode.swift; path = CoreDataUserAccountStore.swift; sourceTree = "<group>"; };
		E18F14CF2AE1F5C200163139 /* CoreDataHelpers.swift */ = {isa = PBXFileReference; lastKnownFileType = sourcecode.swift; path = CoreDataHelpers.swift; sourceTree = "<group>"; };
		E18F14D12AE1F62900163139 /* ManagedUserAccount.swift */ = {isa = PBXFileReference; lastKnownFileType = sourcecode.swift; path = ManagedUserAccount.swift; sourceTree = "<group>"; };
		E18F14D32AE26FF600163139 /* CoreDataUserAccountStore+UserAccountStore.swift */ = {isa = PBXFileReference; lastKnownFileType = sourcecode.swift; path = "CoreDataUserAccountStore+UserAccountStore.swift"; sourceTree = "<group>"; };
		E18F14D52AE271CD00163139 /* ManagedCache.swift */ = {isa = PBXFileReference; lastKnownFileType = sourcecode.swift; path = ManagedCache.swift; sourceTree = "<group>"; };
		E18F14D82AE279C600163139 /* CoreDataUserAccountStoreTests.swift */ = {isa = PBXFileReference; lastKnownFileType = sourcecode.swift; path = CoreDataUserAccountStoreTests.swift; sourceTree = "<group>"; };
		E18F14DB2AE27D3D00163139 /* UserAccountsCacheTestHelpers.swift */ = {isa = PBXFileReference; lastKnownFileType = sourcecode.swift; path = UserAccountsCacheTestHelpers.swift; sourceTree = "<group>"; };
		E1A502092AE12B160049C49E /* LoginViewController+SnapshotHelpers.swift */ = {isa = PBXFileReference; lastKnownFileType = sourcecode.swift; path = "LoginViewController+SnapshotHelpers.swift"; sourceTree = "<group>"; };
		E1A5020D2AE12C3B0049C49E /* Registration.storyboard */ = {isa = PBXFileReference; lastKnownFileType = file.storyboard; path = Registration.storyboard; sourceTree = "<group>"; };
		E1A502102AE12CFE0049C49E /* RegistrationViewController.swift */ = {isa = PBXFileReference; lastKnownFileType = sourcecode.swift; path = RegistrationViewController.swift; sourceTree = "<group>"; };
		E1A502132AE1468C0049C49E /* RegistrationSnapshotTests.swift */ = {isa = PBXFileReference; lastKnownFileType = sourcecode.swift; path = RegistrationSnapshotTests.swift; sourceTree = "<group>"; };
		E1A502162AE14B910049C49E /* RegistrationViewController+SnapshotHelpers.swift */ = {isa = PBXFileReference; lastKnownFileType = sourcecode.swift; path = "RegistrationViewController+SnapshotHelpers.swift"; sourceTree = "<group>"; };
		E1A5021E2AE152070049C49E /* CacheUserAccountUseCaseTests.swift */ = {isa = PBXFileReference; lastKnownFileType = sourcecode.swift; path = CacheUserAccountUseCaseTests.swift; sourceTree = "<group>"; };
		E1C482C82AE185F90010E598 /* RegistrationUserAccount.swift */ = {isa = PBXFileReference; lastKnownFileType = sourcecode.swift; path = RegistrationUserAccount.swift; sourceTree = "<group>"; };
		E1C482CC2AE186910010E598 /* UserAccountStore.swift */ = {isa = PBXFileReference; lastKnownFileType = sourcecode.swift; path = UserAccountStore.swift; sourceTree = "<group>"; };
		E1C482CE2AE186A80010E598 /* StoredUserAccount.swift */ = {isa = PBXFileReference; lastKnownFileType = sourcecode.swift; path = StoredUserAccount.swift; sourceTree = "<group>"; };
		E1C482D12AE1872B0010E598 /* RegistrationUserAccountService.swift */ = {isa = PBXFileReference; lastKnownFileType = sourcecode.swift; path = RegistrationUserAccountService.swift; sourceTree = "<group>"; };
		E1C482D52AE188190010E598 /* AuthenticateUserAccount.swift */ = {isa = PBXFileReference; lastKnownFileType = sourcecode.swift; path = AuthenticateUserAccount.swift; sourceTree = "<group>"; };
		E1C482DD2AE194BE0010E598 /* AuthenticateUserAccountMapper.swift */ = {isa = PBXFileReference; lastKnownFileType = sourcecode.swift; path = AuthenticateUserAccountMapper.swift; sourceTree = "<group>"; };
		E1C482E02AE197860010E598 /* AuthenticateUserAccountMapperTests.swift */ = {isa = PBXFileReference; lastKnownFileType = sourcecode.swift; path = AuthenticateUserAccountMapperTests.swift; sourceTree = "<group>"; };
/* End PBXFileReference section */

/* Begin PBXFrameworksBuildPhase section */
		E17C0CA82AE0E91B005AAF2F /* Frameworks */ = {
			isa = PBXFrameworksBuildPhase;
			buildActionMask = 2147483647;
			files = (
				E162C2AA2AE2EFA0008C34A4 /* Alamofire in Frameworks */,
			);
			runOnlyForDeploymentPostprocessing = 0;
		};
		E17C0CCC2AE11FA0005AAF2F /* Frameworks */ = {
			isa = PBXFrameworksBuildPhase;
			buildActionMask = 2147483647;
			files = (
			);
			runOnlyForDeploymentPostprocessing = 0;
		};
/* End PBXFrameworksBuildPhase section */

/* Begin PBXGroup section */
		E162C2782AE2AD85008C34A4 /* App */ = {
			isa = PBXGroup;
			children = (
				E162C28D2AE2CC08008C34A4 /* Helpers */,
				E162C2792AE2AD91008C34A4 /* UI Composer */,
				E162C29B2AE2CFA6008C34A4 /* Coordinators */,
			);
			path = App;
			sourceTree = "<group>";
		};
		E162C2792AE2AD91008C34A4 /* UI Composer */ = {
			isa = PBXGroup;
			children = (
				E162C2962AE2CE4E008C34A4 /* Registration */,
				E162C27A2AE2AD9F008C34A4 /* Login */,
				E162C28B2AE2CBA0008C34A4 /* ProceedResourcePresentationAdapter.swift */,
			);
			path = "UI Composer";
			sourceTree = "<group>";
		};
		E162C27A2AE2AD9F008C34A4 /* Login */ = {
			isa = PBXGroup;
			children = (
				E162C27B2AE2ADB5008C34A4 /* LoginUIComposer.swift */,
				E162C2A32AE2DC3B008C34A4 /* LoginErrorViewAdapter.swift */,
			);
			path = Login;
			sourceTree = "<group>";
		};
		E162C27D2AE2AFCF008C34A4 /* Shared Presentation */ = {
			isa = PBXGroup;
			children = (
				E162C27E2AE2AFDC008C34A4 /* Proceed Resource */,
			);
			path = "Shared Presentation";
			sourceTree = "<group>";
		};
		E162C27E2AE2AFDC008C34A4 /* Proceed Resource */ = {
			isa = PBXGroup;
			children = (
				E162C27F2AE2CA59008C34A4 /* ProceedResourcePresenter.swift */,
				E162C2812AE2CA6A008C34A4 /* ProceedResourceSucceedView.swift */,
				E162C2832AE2CAE2008C34A4 /* ProceedResourceLoadingViewModel.swift */,
				E162C2852AE2CAFD008C34A4 /* ProceedResourceLoadingView.swift */,
				E162C2872AE2CB1D008C34A4 /* ProceedResourceErrorViewModel.swift */,
				E162C2892AE2CB34008C34A4 /* ProceedResourceErrorView.swift */,
			);
			path = "Proceed Resource";
			sourceTree = "<group>";
		};
		E162C28D2AE2CC08008C34A4 /* Helpers */ = {
			isa = PBXGroup;
			children = (
				E162C28E2AE2CC17008C34A4 /* WeakRefVirtualProxy.swift */,
				E162C2922AE2CD7E008C34A4 /* CombineHelpers.swift */,
				E162C29E2AE2DB25008C34A4 /* NullStore.swift */,
			);
			path = Helpers;
			sourceTree = "<group>";
		};
		E162C2962AE2CE4E008C34A4 /* Registration */ = {
			isa = PBXGroup;
			children = (
				E162C2972AE2CE5E008C34A4 /* RegistrationUIComposer.swift */,
				E162C2992AE2CF2D008C34A4 /* RegistrationErrorViewAdapter.swift */,
			);
			path = Registration;
			sourceTree = "<group>";
		};
		E162C29B2AE2CFA6008C34A4 /* Coordinators */ = {
			isa = PBXGroup;
			children = (
				E162C2A22AE2DB76008C34A4 /* Auth */,
			);
			path = Coordinators;
			sourceTree = "<group>";
		};
		E162C2A22AE2DB76008C34A4 /* Auth */ = {
			isa = PBXGroup;
			children = (
				E162C29C2AE2CFB5008C34A4 /* AuthCoordinator.swift */,
				E162C2A02AE2DB67008C34A4 /* AuthError.swift */,
			);
			path = Auth;
			sourceTree = "<group>";
		};
		E162C2A52AE2EB90008C34A4 /* Shared API */ = {
			isa = PBXGroup;
			children = (
				E162C2A62AE2EB99008C34A4 /* HTTPClient.swift */,
			);
			path = "Shared API";
			sourceTree = "<group>";
		};
		E162C2AB2AE2EFB2008C34A4 /* Shared API Infra */ = {
			isa = PBXGroup;
			children = (
				E162C2AC2AE2F026008C34A4 /* AlamofireHTTPClient.swift */,
			);
			path = "Shared API Infra";
			sourceTree = "<group>";
		};
		E162C2AE2AE2F2F1008C34A4 /* Shared API Infra */ = {
			isa = PBXGroup;
			children = (
				E162C2B12AE2F319008C34A4 /* AlamofireHTTPClientTests.swift */,
			);
			path = "Shared API Infra";
			sourceTree = "<group>";
		};
		E17C0CA22AE0E91B005AAF2F = {
			isa = PBXGroup;
			children = (
				E17C0CAD2AE0E91B005AAF2F /* Meals */,
				E17C0CD02AE11FA0005AAF2F /* MealsTests */,
				E17C0CAC2AE0E91B005AAF2F /* Products */,
			);
			sourceTree = "<group>";
		};
		E17C0CAC2AE0E91B005AAF2F /* Products */ = {
			isa = PBXGroup;
			children = (
				E17C0CAB2AE0E91B005AAF2F /* Meals.app */,
				E17C0CCF2AE11FA0005AAF2F /* MealsTests.xctest */,
			);
			name = Products;
			sourceTree = "<group>";
		};
		E17C0CAD2AE0E91B005AAF2F /* Meals */ = {
			isa = PBXGroup;
			children = (
				E162C2AB2AE2EFB2008C34A4 /* Shared API Infra */,
				E162C2A52AE2EB90008C34A4 /* Shared API */,
				E162C27D2AE2AFCF008C34A4 /* Shared Presentation */,
				E1C482C52AE185D10010E598 /* MealsAuthentication */,
				E17C0CC22AE0F138005AAF2F /* MealsiOS */,
				E162C2782AE2AD85008C34A4 /* App */,
				E17C0CAE2AE0E91B005AAF2F /* AppDelegate.swift */,
				E17C0CB02AE0E91B005AAF2F /* SceneDelegate.swift */,
				E17C0CB72AE0E91C005AAF2F /* Assets.xcassets */,
				E17C0CB92AE0E91C005AAF2F /* LaunchScreen.storyboard */,
				E17C0CBC2AE0E91C005AAF2F /* Info.plist */,
			);
			path = Meals;
			sourceTree = "<group>";
		};
		E17C0CC22AE0F138005AAF2F /* MealsiOS */ = {
			isa = PBXGroup;
			children = (
				E1A5020B2AE12C240049C49E /* Registration UI */,
				E17C0CC32AE0F142005AAF2F /* Login UI */,
			);
			path = MealsiOS;
			sourceTree = "<group>";
		};
		E17C0CC32AE0F142005AAF2F /* Login UI */ = {
			isa = PBXGroup;
			children = (
				E17C0CC82AE11160005AAF2F /* Controller */,
				E17C0CC52AE0F1DF005AAF2F /* View */,
			);
			path = "Login UI";
			sourceTree = "<group>";
		};
		E17C0CC52AE0F1DF005AAF2F /* View */ = {
			isa = PBXGroup;
			children = (
				E17C0CC62AE0F228005AAF2F /* Login.storyboard */,
			);
			path = View;
			sourceTree = "<group>";
		};
		E17C0CC82AE11160005AAF2F /* Controller */ = {
			isa = PBXGroup;
			children = (
				E17C0CC92AE111AA005AAF2F /* LoginViewController.swift */,
			);
			path = Controller;
			sourceTree = "<group>";
		};
		E17C0CD02AE11FA0005AAF2F /* MealsTests */ = {
			isa = PBXGroup;
			children = (
				E18F14C52AE1EFA500163139 /* Helpers */,
				E1A5021A2AE1505D0049C49E /* MealsAuthentication */,
				E17C0CD82AE11FBD005AAF2F /* MealsiOS */,
				E162C2AE2AE2F2F1008C34A4 /* Shared API Infra */,
			);
			path = MealsTests;
			sourceTree = "<group>";
		};
		E17C0CD82AE11FBD005AAF2F /* MealsiOS */ = {
			isa = PBXGroup;
			children = (
				E17C0CDC2AE12041005AAF2F /* Helpers */,
				E17C0CD92AE11FED005AAF2F /* Login UI */,
				E1A502122AE1466A0049C49E /* Registration UI */,
			);
			path = MealsiOS;
			sourceTree = "<group>";
		};
		E17C0CD92AE11FED005AAF2F /* Login UI */ = {
			isa = PBXGroup;
			children = (
				E1A502082AE12AE40049C49E /* Helpers */,
				E17C0CDA2AE1201A005AAF2F /* LoginSnapshotTests.swift */,
			);
			path = "Login UI";
			sourceTree = "<group>";
		};
		E17C0CDC2AE12041005AAF2F /* Helpers */ = {
			isa = PBXGroup;
			children = (
				E17C0CDD2AE1205C005AAF2F /* XCTestCase+Snapshot.swift */,
				E17C0CDF2AE12087005AAF2F /* UIViewController+Snapshot.swift */,
			);
			path = Helpers;
			sourceTree = "<group>";
		};
		E18F14BD2AE1B9AF00163139 /* Store Infra */ = {
			isa = PBXGroup;
			children = (
				E18F14C02AE1B9F700163139 /* KeychainAuthenticateUserAccountStoreTests.swift */,
			);
			path = "Store Infra";
			sourceTree = "<group>";
		};
		E18F14C22AE1C3B800163139 /* Infra */ = {
			isa = PBXGroup;
			children = (
				E18F14C32AE1C3C900163139 /* KeychainStore.swift */,
			);
			path = Infra;
			sourceTree = "<group>";
		};
		E18F14C52AE1EFA500163139 /* Helpers */ = {
			isa = PBXGroup;
			children = (
				E18F14C62AE1EFBF00163139 /* XCTestCase+MemoryLeakTracking.swift */,
			);
			path = Helpers;
			sourceTree = "<group>";
		};
		E18F14C82AE1F1C400163139 /* Shared Store Infra */ = {
			isa = PBXGroup;
			children = (
				E18F14C92AE1F1E000163139 /* CoreData */,
			);
			path = "Shared Store Infra";
			sourceTree = "<group>";
		};
		E18F14C92AE1F1E000163139 /* CoreData */ = {
			isa = PBXGroup;
			children = (
				E18F14CA2AE1F2A000163139 /* UserAccountsStore.xcdatamodeld */,
				E18F14D12AE1F62900163139 /* ManagedUserAccount.swift */,
				E18F14D52AE271CD00163139 /* ManagedCache.swift */,
				E18F14CD2AE1F54700163139 /* CoreDataUserAccountStore.swift */,
				E18F14CF2AE1F5C200163139 /* CoreDataHelpers.swift */,
				E18F14D32AE26FF600163139 /* CoreDataUserAccountStore+UserAccountStore.swift */,
			);
			path = CoreData;
			sourceTree = "<group>";
		};
		E18F14D72AE279A300163139 /* Shared Store Infra */ = {
			isa = PBXGroup;
			children = (
				E18F14D82AE279C600163139 /* CoreDataUserAccountStoreTests.swift */,
			);
			path = "Shared Store Infra";
			sourceTree = "<group>";
		};
		E18F14DA2AE27D0A00163139 /* Helpers */ = {
			isa = PBXGroup;
			children = (
				E18F14DB2AE27D3D00163139 /* UserAccountsCacheTestHelpers.swift */,
			);
			path = Helpers;
			sourceTree = "<group>";
		};
		E1A502082AE12AE40049C49E /* Helpers */ = {
			isa = PBXGroup;
			children = (
				E1A502092AE12B160049C49E /* LoginViewController+SnapshotHelpers.swift */,
			);
			path = Helpers;
			sourceTree = "<group>";
		};
		E1A5020B2AE12C240049C49E /* Registration UI */ = {
			isa = PBXGroup;
			children = (
				E1A5020F2AE12CEC0049C49E /* Controller */,
				E1A5020C2AE12C2F0049C49E /* View */,
			);
			path = "Registration UI";
			sourceTree = "<group>";
		};
		E1A5020C2AE12C2F0049C49E /* View */ = {
			isa = PBXGroup;
			children = (
				E1A5020D2AE12C3B0049C49E /* Registration.storyboard */,
			);
			path = View;
			sourceTree = "<group>";
		};
		E1A5020F2AE12CEC0049C49E /* Controller */ = {
			isa = PBXGroup;
			children = (
				E1A502102AE12CFE0049C49E /* RegistrationViewController.swift */,
			);
			path = Controller;
			sourceTree = "<group>";
		};
		E1A502122AE1466A0049C49E /* Registration UI */ = {
			isa = PBXGroup;
			children = (
				E1A502152AE14B690049C49E /* Helpers */,
				E1A502132AE1468C0049C49E /* RegistrationSnapshotTests.swift */,
			);
			path = "Registration UI";
			sourceTree = "<group>";
		};
		E1A502152AE14B690049C49E /* Helpers */ = {
			isa = PBXGroup;
			children = (
				E1A502162AE14B910049C49E /* RegistrationViewController+SnapshotHelpers.swift */,
			);
			path = Helpers;
			sourceTree = "<group>";
		};
		E1A5021A2AE1505D0049C49E /* MealsAuthentication */ = {
			isa = PBXGroup;
			children = (
				E18F14DA2AE27D0A00163139 /* Helpers */,
				E18F14D72AE279A300163139 /* Shared Store Infra */,
				E1A5021B2AE1506C0049C49E /* Registration */,
				E1C482D92AE18A1D0010E598 /* Login */,
			);
			path = MealsAuthentication;
			sourceTree = "<group>";
		};
		E1A5021B2AE1506C0049C49E /* Registration */ = {
			isa = PBXGroup;
			children = (
				E1A5021E2AE152070049C49E /* CacheUserAccountUseCaseTests.swift */,
			);
			path = Registration;
			sourceTree = "<group>";
		};
		E1C482C52AE185D10010E598 /* MealsAuthentication */ = {
			isa = PBXGroup;
			children = (
				E18F14C82AE1F1C400163139 /* Shared Store Infra */,
				E1C482CB2AE186820010E598 /* Shared Store */,
				E1C482C62AE185DB0010E598 /* Registration */,
				E1C482D32AE187F50010E598 /* Login */,
			);
			path = MealsAuthentication;
			sourceTree = "<group>";
		};
		E1C482C62AE185DB0010E598 /* Registration */ = {
			isa = PBXGroup;
			children = (
				E1C482D02AE187200010E598 /* Store */,
				E1C482C72AE185E50010E598 /* Feature */,
			);
			path = Registration;
			sourceTree = "<group>";
		};
		E1C482C72AE185E50010E598 /* Feature */ = {
			isa = PBXGroup;
			children = (
				E1C482C82AE185F90010E598 /* RegistrationUserAccount.swift */,
			);
			path = Feature;
			sourceTree = "<group>";
		};
		E1C482CB2AE186820010E598 /* Shared Store */ = {
			isa = PBXGroup;
			children = (
				E1C482CC2AE186910010E598 /* UserAccountStore.swift */,
				E1C482CE2AE186A80010E598 /* StoredUserAccount.swift */,
			);
			path = "Shared Store";
			sourceTree = "<group>";
		};
		E1C482D02AE187200010E598 /* Store */ = {
			isa = PBXGroup;
			children = (
				E1C482D12AE1872B0010E598 /* RegistrationUserAccountService.swift */,
			);
			path = Store;
			sourceTree = "<group>";
		};
		E1C482D32AE187F50010E598 /* Login */ = {
			isa = PBXGroup;
			children = (
				E1C482DC2AE194A30010E598 /* Store */,
				E1C482D42AE188060010E598 /* Feature */,
			);
			path = Login;
			sourceTree = "<group>";
		};
		E1C482D42AE188060010E598 /* Feature */ = {
			isa = PBXGroup;
			children = (
				E1C482D52AE188190010E598 /* AuthenticateUserAccount.swift */,
			);
			path = Feature;
			sourceTree = "<group>";
		};
		E1C482D92AE18A1D0010E598 /* Login */ = {
			isa = PBXGroup;
			children = (
				E18F14BD2AE1B9AF00163139 /* Store Infra */,
				E1C482E02AE197860010E598 /* AuthenticateUserAccountMapperTests.swift */,
			);
			path = Login;
			sourceTree = "<group>";
		};
		E1C482DC2AE194A30010E598 /* Store */ = {
			isa = PBXGroup;
			children = (
				E18F14C22AE1C3B800163139 /* Infra */,
				E1C482DD2AE194BE0010E598 /* AuthenticateUserAccountMapper.swift */,
				E18F14BA2AE1B90700163139 /* AuthenticateUserAccountStore.swift */,
			);
			path = Store;
			sourceTree = "<group>";
		};
/* End PBXGroup section */

/* Begin PBXNativeTarget section */
		E17C0CAA2AE0E91B005AAF2F /* Meals */ = {
			isa = PBXNativeTarget;
			buildConfigurationList = E17C0CBF2AE0E91C005AAF2F /* Build configuration list for PBXNativeTarget "Meals" */;
			buildPhases = (
				E17C0CA72AE0E91B005AAF2F /* Sources */,
				E17C0CA82AE0E91B005AAF2F /* Frameworks */,
				E17C0CA92AE0E91B005AAF2F /* Resources */,
			);
			buildRules = (
			);
			dependencies = (
			);
			name = Meals;
			packageProductDependencies = (
				E162C2A92AE2EFA0008C34A4 /* Alamofire */,
			);
			productName = Meals;
			productReference = E17C0CAB2AE0E91B005AAF2F /* Meals.app */;
			productType = "com.apple.product-type.application";
		};
		E17C0CCE2AE11FA0005AAF2F /* MealsTests */ = {
			isa = PBXNativeTarget;
			buildConfigurationList = E17C0CD52AE11FA0005AAF2F /* Build configuration list for PBXNativeTarget "MealsTests" */;
			buildPhases = (
				E17C0CCB2AE11FA0005AAF2F /* Sources */,
				E17C0CCC2AE11FA0005AAF2F /* Frameworks */,
				E17C0CCD2AE11FA0005AAF2F /* Resources */,
			);
			buildRules = (
			);
			dependencies = (
				E17C0CD42AE11FA0005AAF2F /* PBXTargetDependency */,
			);
			name = MealsTests;
			productName = MealsTests;
			productReference = E17C0CCF2AE11FA0005AAF2F /* MealsTests.xctest */;
			productType = "com.apple.product-type.bundle.unit-test";
		};
/* End PBXNativeTarget section */

/* Begin PBXProject section */
		E17C0CA32AE0E91B005AAF2F /* Project object */ = {
			isa = PBXProject;
			attributes = {
				BuildIndependentTargetsInParallel = 1;
				LastSwiftUpdateCheck = 1430;
				LastUpgradeCheck = 1430;
				TargetAttributes = {
					E17C0CAA2AE0E91B005AAF2F = {
						CreatedOnToolsVersion = 14.3;
					};
					E17C0CCE2AE11FA0005AAF2F = {
						CreatedOnToolsVersion = 14.3;
						LastSwiftMigration = 1430;
						TestTargetID = E17C0CAA2AE0E91B005AAF2F;
					};
				};
			};
			buildConfigurationList = E17C0CA62AE0E91B005AAF2F /* Build configuration list for PBXProject "Meals" */;
			compatibilityVersion = "Xcode 14.0";
			developmentRegion = en;
			hasScannedForEncodings = 0;
			knownRegions = (
				en,
				Base,
			);
			mainGroup = E17C0CA22AE0E91B005AAF2F;
			packageReferences = (
				E162C2A82AE2EFA0008C34A4 /* XCRemoteSwiftPackageReference "Alamofire" */,
			);
			productRefGroup = E17C0CAC2AE0E91B005AAF2F /* Products */;
			projectDirPath = "";
			projectRoot = "";
			targets = (
				E17C0CAA2AE0E91B005AAF2F /* Meals */,
				E17C0CCE2AE11FA0005AAF2F /* MealsTests */,
			);
		};
/* End PBXProject section */

/* Begin PBXResourcesBuildPhase section */
		E17C0CA92AE0E91B005AAF2F /* Resources */ = {
			isa = PBXResourcesBuildPhase;
			buildActionMask = 2147483647;
			files = (
				E17C0CBB2AE0E91C005AAF2F /* LaunchScreen.storyboard in Resources */,
				E1A5020E2AE12C3B0049C49E /* Registration.storyboard in Resources */,
				E17C0CB82AE0E91C005AAF2F /* Assets.xcassets in Resources */,
				E17C0CC72AE0F228005AAF2F /* Login.storyboard in Resources */,
			);
			runOnlyForDeploymentPostprocessing = 0;
		};
		E17C0CCD2AE11FA0005AAF2F /* Resources */ = {
			isa = PBXResourcesBuildPhase;
			buildActionMask = 2147483647;
			files = (
			);
			runOnlyForDeploymentPostprocessing = 0;
		};
/* End PBXResourcesBuildPhase section */

/* Begin PBXSourcesBuildPhase section */
		E17C0CA72AE0E91B005AAF2F /* Sources */ = {
			isa = PBXSourcesBuildPhase;
			buildActionMask = 2147483647;
			files = (
				E18F14D02AE1F5C200163139 /* CoreDataHelpers.swift in Sources */,
				E162C2A42AE2DC3B008C34A4 /* LoginErrorViewAdapter.swift in Sources */,
				E162C28A2AE2CB34008C34A4 /* ProceedResourceErrorView.swift in Sources */,
				E17C0CCA2AE111AA005AAF2F /* LoginViewController.swift in Sources */,
				E162C27C2AE2ADB5008C34A4 /* LoginUIComposer.swift in Sources */,
				E1C482CF2AE186A80010E598 /* StoredUserAccount.swift in Sources */,
				E162C2822AE2CA6A008C34A4 /* ProceedResourceSucceedView.swift in Sources */,
				E18F14CC2AE1F2A000163139 /* UserAccountsStore.xcdatamodeld in Sources */,
				E162C28F2AE2CC17008C34A4 /* WeakRefVirtualProxy.swift in Sources */,
				E17C0CAF2AE0E91B005AAF2F /* AppDelegate.swift in Sources */,
				E18F14C42AE1C3C900163139 /* KeychainStore.swift in Sources */,
				E162C28C2AE2CBA0008C34A4 /* ProceedResourcePresentationAdapter.swift in Sources */,
				E162C2982AE2CE5E008C34A4 /* RegistrationUIComposer.swift in Sources */,
				E18F14D62AE271CD00163139 /* ManagedCache.swift in Sources */,
				E1C482C92AE185F90010E598 /* RegistrationUserAccount.swift in Sources */,
				E18F14BB2AE1B90700163139 /* AuthenticateUserAccountStore.swift in Sources */,
				E1A502112AE12CFE0049C49E /* RegistrationViewController.swift in Sources */,
				E1C482CD2AE186910010E598 /* UserAccountStore.swift in Sources */,
				E162C2802AE2CA59008C34A4 /* ProceedResourcePresenter.swift in Sources */,
				E162C29F2AE2DB25008C34A4 /* NullStore.swift in Sources */,
				E162C2882AE2CB1D008C34A4 /* ProceedResourceErrorViewModel.swift in Sources */,
				E18F14CE2AE1F54700163139 /* CoreDataUserAccountStore.swift in Sources */,
				E162C29A2AE2CF2D008C34A4 /* RegistrationErrorViewAdapter.swift in Sources */,
				E162C2AD2AE2F026008C34A4 /* AlamofireHTTPClient.swift in Sources */,
				E17C0CB12AE0E91B005AAF2F /* SceneDelegate.swift in Sources */,
				E18F14D22AE1F62900163139 /* ManagedUserAccount.swift in Sources */,
				E1C482D22AE1872B0010E598 /* RegistrationUserAccountService.swift in Sources */,
				E162C29D2AE2CFB5008C34A4 /* AuthCoordinator.swift in Sources */,
				E162C2842AE2CAE2008C34A4 /* ProceedResourceLoadingViewModel.swift in Sources */,
				E162C2A12AE2DB67008C34A4 /* AuthError.swift in Sources */,
				E162C2932AE2CD7E008C34A4 /* CombineHelpers.swift in Sources */,
				E1C482DE2AE194BE0010E598 /* AuthenticateUserAccountMapper.swift in Sources */,
				E162C2A72AE2EB99008C34A4 /* HTTPClient.swift in Sources */,
				E1C482D62AE188190010E598 /* AuthenticateUserAccount.swift in Sources */,
				E162C2862AE2CAFD008C34A4 /* ProceedResourceLoadingView.swift in Sources */,
				E18F14D42AE26FF600163139 /* CoreDataUserAccountStore+UserAccountStore.swift in Sources */,
			);
			runOnlyForDeploymentPostprocessing = 0;
		};
		E17C0CCB2AE11FA0005AAF2F /* Sources */ = {
			isa = PBXSourcesBuildPhase;
			buildActionMask = 2147483647;
			files = (
				E18F14C12AE1B9F700163139 /* KeychainAuthenticateUserAccountStoreTests.swift in Sources */,
				E1A502142AE1468C0049C49E /* RegistrationSnapshotTests.swift in Sources */,
				E1A502172AE14B910049C49E /* RegistrationViewController+SnapshotHelpers.swift in Sources */,
				E18F14D92AE279C600163139 /* CoreDataUserAccountStoreTests.swift in Sources */,
				E1A5020A2AE12B160049C49E /* LoginViewController+SnapshotHelpers.swift in Sources */,
				E17C0CDE2AE1205C005AAF2F /* XCTestCase+Snapshot.swift in Sources */,
				E1A5021F2AE152070049C49E /* CacheUserAccountUseCaseTests.swift in Sources */,
				E18F14DC2AE27D3D00163139 /* UserAccountsCacheTestHelpers.swift in Sources */,
				E17C0CE02AE12087005AAF2F /* UIViewController+Snapshot.swift in Sources */,
				E1C482E12AE197860010E598 /* AuthenticateUserAccountMapperTests.swift in Sources */,
				E17C0CDB2AE1201A005AAF2F /* LoginSnapshotTests.swift in Sources */,
				E162C2B22AE2F319008C34A4 /* AlamofireHTTPClientTests.swift in Sources */,
				E18F14C72AE1EFBF00163139 /* XCTestCase+MemoryLeakTracking.swift in Sources */,
			);
			runOnlyForDeploymentPostprocessing = 0;
		};
/* End PBXSourcesBuildPhase section */

/* Begin PBXTargetDependency section */
		E17C0CD42AE11FA0005AAF2F /* PBXTargetDependency */ = {
			isa = PBXTargetDependency;
			target = E17C0CAA2AE0E91B005AAF2F /* Meals */;
			targetProxy = E17C0CD32AE11FA0005AAF2F /* PBXContainerItemProxy */;
		};
/* End PBXTargetDependency section */

/* Begin PBXVariantGroup section */
		E17C0CB92AE0E91C005AAF2F /* LaunchScreen.storyboard */ = {
			isa = PBXVariantGroup;
			children = (
				E17C0CBA2AE0E91C005AAF2F /* Base */,
			);
			name = LaunchScreen.storyboard;
			sourceTree = "<group>";
		};
/* End PBXVariantGroup section */

/* Begin XCBuildConfiguration section */
		E17C0CBD2AE0E91C005AAF2F /* Debug */ = {
			isa = XCBuildConfiguration;
			buildSettings = {
				ALWAYS_SEARCH_USER_PATHS = NO;
				CLANG_ANALYZER_NONNULL = YES;
				CLANG_ANALYZER_NUMBER_OBJECT_CONVERSION = YES_AGGRESSIVE;
				CLANG_CXX_LANGUAGE_STANDARD = "gnu++20";
				CLANG_ENABLE_MODULES = YES;
				CLANG_ENABLE_OBJC_ARC = YES;
				CLANG_ENABLE_OBJC_WEAK = YES;
				CLANG_WARN_BLOCK_CAPTURE_AUTORELEASING = YES;
				CLANG_WARN_BOOL_CONVERSION = YES;
				CLANG_WARN_COMMA = YES;
				CLANG_WARN_CONSTANT_CONVERSION = YES;
				CLANG_WARN_DEPRECATED_OBJC_IMPLEMENTATIONS = YES;
				CLANG_WARN_DIRECT_OBJC_ISA_USAGE = YES_ERROR;
				CLANG_WARN_DOCUMENTATION_COMMENTS = YES;
				CLANG_WARN_EMPTY_BODY = YES;
				CLANG_WARN_ENUM_CONVERSION = YES;
				CLANG_WARN_INFINITE_RECURSION = YES;
				CLANG_WARN_INT_CONVERSION = YES;
				CLANG_WARN_NON_LITERAL_NULL_CONVERSION = YES;
				CLANG_WARN_OBJC_IMPLICIT_RETAIN_SELF = YES;
				CLANG_WARN_OBJC_LITERAL_CONVERSION = YES;
				CLANG_WARN_OBJC_ROOT_CLASS = YES_ERROR;
				CLANG_WARN_QUOTED_INCLUDE_IN_FRAMEWORK_HEADER = YES;
				CLANG_WARN_RANGE_LOOP_ANALYSIS = YES;
				CLANG_WARN_STRICT_PROTOTYPES = YES;
				CLANG_WARN_SUSPICIOUS_MOVE = YES;
				CLANG_WARN_UNGUARDED_AVAILABILITY = YES_AGGRESSIVE;
				CLANG_WARN_UNREACHABLE_CODE = YES;
				CLANG_WARN__DUPLICATE_METHOD_MATCH = YES;
				COPY_PHASE_STRIP = NO;
				DEBUG_INFORMATION_FORMAT = dwarf;
				ENABLE_STRICT_OBJC_MSGSEND = YES;
				ENABLE_TESTABILITY = YES;
				GCC_C_LANGUAGE_STANDARD = gnu11;
				GCC_DYNAMIC_NO_PIC = NO;
				GCC_NO_COMMON_BLOCKS = YES;
				GCC_OPTIMIZATION_LEVEL = 0;
				GCC_PREPROCESSOR_DEFINITIONS = (
					"DEBUG=1",
					"$(inherited)",
				);
				GCC_WARN_64_TO_32_BIT_CONVERSION = YES;
				GCC_WARN_ABOUT_RETURN_TYPE = YES_ERROR;
				GCC_WARN_UNDECLARED_SELECTOR = YES;
				GCC_WARN_UNINITIALIZED_AUTOS = YES_AGGRESSIVE;
				GCC_WARN_UNUSED_FUNCTION = YES;
				GCC_WARN_UNUSED_VARIABLE = YES;
				IPHONEOS_DEPLOYMENT_TARGET = 16.4;
				MTL_ENABLE_DEBUG_INFO = INCLUDE_SOURCE;
				MTL_FAST_MATH = YES;
				ONLY_ACTIVE_ARCH = YES;
				SDKROOT = iphoneos;
				SWIFT_ACTIVE_COMPILATION_CONDITIONS = DEBUG;
				SWIFT_OPTIMIZATION_LEVEL = "-Onone";
			};
			name = Debug;
		};
		E17C0CBE2AE0E91C005AAF2F /* Release */ = {
			isa = XCBuildConfiguration;
			buildSettings = {
				ALWAYS_SEARCH_USER_PATHS = NO;
				CLANG_ANALYZER_NONNULL = YES;
				CLANG_ANALYZER_NUMBER_OBJECT_CONVERSION = YES_AGGRESSIVE;
				CLANG_CXX_LANGUAGE_STANDARD = "gnu++20";
				CLANG_ENABLE_MODULES = YES;
				CLANG_ENABLE_OBJC_ARC = YES;
				CLANG_ENABLE_OBJC_WEAK = YES;
				CLANG_WARN_BLOCK_CAPTURE_AUTORELEASING = YES;
				CLANG_WARN_BOOL_CONVERSION = YES;
				CLANG_WARN_COMMA = YES;
				CLANG_WARN_CONSTANT_CONVERSION = YES;
				CLANG_WARN_DEPRECATED_OBJC_IMPLEMENTATIONS = YES;
				CLANG_WARN_DIRECT_OBJC_ISA_USAGE = YES_ERROR;
				CLANG_WARN_DOCUMENTATION_COMMENTS = YES;
				CLANG_WARN_EMPTY_BODY = YES;
				CLANG_WARN_ENUM_CONVERSION = YES;
				CLANG_WARN_INFINITE_RECURSION = YES;
				CLANG_WARN_INT_CONVERSION = YES;
				CLANG_WARN_NON_LITERAL_NULL_CONVERSION = YES;
				CLANG_WARN_OBJC_IMPLICIT_RETAIN_SELF = YES;
				CLANG_WARN_OBJC_LITERAL_CONVERSION = YES;
				CLANG_WARN_OBJC_ROOT_CLASS = YES_ERROR;
				CLANG_WARN_QUOTED_INCLUDE_IN_FRAMEWORK_HEADER = YES;
				CLANG_WARN_RANGE_LOOP_ANALYSIS = YES;
				CLANG_WARN_STRICT_PROTOTYPES = YES;
				CLANG_WARN_SUSPICIOUS_MOVE = YES;
				CLANG_WARN_UNGUARDED_AVAILABILITY = YES_AGGRESSIVE;
				CLANG_WARN_UNREACHABLE_CODE = YES;
				CLANG_WARN__DUPLICATE_METHOD_MATCH = YES;
				COPY_PHASE_STRIP = NO;
				DEBUG_INFORMATION_FORMAT = "dwarf-with-dsym";
				ENABLE_NS_ASSERTIONS = NO;
				ENABLE_STRICT_OBJC_MSGSEND = YES;
				GCC_C_LANGUAGE_STANDARD = gnu11;
				GCC_NO_COMMON_BLOCKS = YES;
				GCC_WARN_64_TO_32_BIT_CONVERSION = YES;
				GCC_WARN_ABOUT_RETURN_TYPE = YES_ERROR;
				GCC_WARN_UNDECLARED_SELECTOR = YES;
				GCC_WARN_UNINITIALIZED_AUTOS = YES_AGGRESSIVE;
				GCC_WARN_UNUSED_FUNCTION = YES;
				GCC_WARN_UNUSED_VARIABLE = YES;
				IPHONEOS_DEPLOYMENT_TARGET = 16.4;
				MTL_ENABLE_DEBUG_INFO = NO;
				MTL_FAST_MATH = YES;
				SDKROOT = iphoneos;
				SWIFT_COMPILATION_MODE = wholemodule;
				SWIFT_OPTIMIZATION_LEVEL = "-O";
				VALIDATE_PRODUCT = YES;
			};
			name = Release;
		};
		E17C0CC02AE0E91C005AAF2F /* Debug */ = {
			isa = XCBuildConfiguration;
			buildSettings = {
				ASSETCATALOG_COMPILER_APPICON_NAME = AppIcon;
				ASSETCATALOG_COMPILER_GLOBAL_ACCENT_COLOR_NAME = AccentColor;
				CODE_SIGN_STYLE = Automatic;
				CURRENT_PROJECT_VERSION = 1;
				GENERATE_INFOPLIST_FILE = YES;
				INFOPLIST_FILE = Meals/Info.plist;
				INFOPLIST_KEY_CFBundleDisplayName = Meals;
				INFOPLIST_KEY_UIApplicationSupportsIndirectInputEvents = YES;
				INFOPLIST_KEY_UILaunchStoryboardName = LaunchScreen;
				INFOPLIST_KEY_UISupportedInterfaceOrientations_iPad = "UIInterfaceOrientationPortrait UIInterfaceOrientationPortraitUpsideDown UIInterfaceOrientationLandscapeLeft UIInterfaceOrientationLandscapeRight";
				INFOPLIST_KEY_UISupportedInterfaceOrientations_iPhone = "UIInterfaceOrientationPortrait UIInterfaceOrientationLandscapeLeft UIInterfaceOrientationLandscapeRight";
				LD_RUNPATH_SEARCH_PATHS = (
					"$(inherited)",
					"@executable_path/Frameworks",
				);
				MARKETING_VERSION = 1.0;
				PRODUCT_BUNDLE_IDENTIFIER = com.reynaldiwijaya.Meals;
				PRODUCT_NAME = "$(TARGET_NAME)";
				SWIFT_EMIT_LOC_STRINGS = YES;
				SWIFT_VERSION = 5.0;
				TARGETED_DEVICE_FAMILY = "1,2";
			};
			name = Debug;
		};
		E17C0CC12AE0E91C005AAF2F /* Release */ = {
			isa = XCBuildConfiguration;
			buildSettings = {
				ASSETCATALOG_COMPILER_APPICON_NAME = AppIcon;
				ASSETCATALOG_COMPILER_GLOBAL_ACCENT_COLOR_NAME = AccentColor;
				CODE_SIGN_STYLE = Automatic;
				CURRENT_PROJECT_VERSION = 1;
				GENERATE_INFOPLIST_FILE = YES;
				INFOPLIST_FILE = Meals/Info.plist;
				INFOPLIST_KEY_CFBundleDisplayName = Meals;
				INFOPLIST_KEY_UIApplicationSupportsIndirectInputEvents = YES;
				INFOPLIST_KEY_UILaunchStoryboardName = LaunchScreen;
				INFOPLIST_KEY_UISupportedInterfaceOrientations_iPad = "UIInterfaceOrientationPortrait UIInterfaceOrientationPortraitUpsideDown UIInterfaceOrientationLandscapeLeft UIInterfaceOrientationLandscapeRight";
				INFOPLIST_KEY_UISupportedInterfaceOrientations_iPhone = "UIInterfaceOrientationPortrait UIInterfaceOrientationLandscapeLeft UIInterfaceOrientationLandscapeRight";
				LD_RUNPATH_SEARCH_PATHS = (
					"$(inherited)",
					"@executable_path/Frameworks",
				);
				MARKETING_VERSION = 1.0;
				PRODUCT_BUNDLE_IDENTIFIER = com.reynaldiwijaya.Meals;
				PRODUCT_NAME = "$(TARGET_NAME)";
				SWIFT_EMIT_LOC_STRINGS = YES;
				SWIFT_VERSION = 5.0;
				TARGETED_DEVICE_FAMILY = "1,2";
			};
			name = Release;
		};
		E17C0CD62AE11FA0005AAF2F /* Debug */ = {
			isa = XCBuildConfiguration;
			buildSettings = {
				BUNDLE_LOADER = "$(TEST_HOST)";
				CLANG_ENABLE_MODULES = YES;
				CODE_SIGN_STYLE = Automatic;
				CURRENT_PROJECT_VERSION = 1;
				GENERATE_INFOPLIST_FILE = YES;
				MARKETING_VERSION = 1.0;
				PRODUCT_BUNDLE_IDENTIFIER = com.reynaldiwijaya.MealsTests;
				PRODUCT_NAME = "$(TARGET_NAME)";
				SWIFT_EMIT_LOC_STRINGS = NO;
				SWIFT_OPTIMIZATION_LEVEL = "-Onone";
				SWIFT_VERSION = 5.0;
				TARGETED_DEVICE_FAMILY = "1,2";
				TEST_HOST = "$(BUILT_PRODUCTS_DIR)/Meals.app/$(BUNDLE_EXECUTABLE_FOLDER_PATH)/Meals";
			};
			name = Debug;
		};
		E17C0CD72AE11FA0005AAF2F /* Release */ = {
			isa = XCBuildConfiguration;
			buildSettings = {
				BUNDLE_LOADER = "$(TEST_HOST)";
				CLANG_ENABLE_MODULES = YES;
				CODE_SIGN_STYLE = Automatic;
				CURRENT_PROJECT_VERSION = 1;
				GENERATE_INFOPLIST_FILE = YES;
				MARKETING_VERSION = 1.0;
				PRODUCT_BUNDLE_IDENTIFIER = com.reynaldiwijaya.MealsTests;
				PRODUCT_NAME = "$(TARGET_NAME)";
				SWIFT_EMIT_LOC_STRINGS = NO;
				SWIFT_VERSION = 5.0;
				TARGETED_DEVICE_FAMILY = "1,2";
				TEST_HOST = "$(BUILT_PRODUCTS_DIR)/Meals.app/$(BUNDLE_EXECUTABLE_FOLDER_PATH)/Meals";
			};
			name = Release;
		};
/* End XCBuildConfiguration section */

/* Begin XCConfigurationList section */
		E17C0CA62AE0E91B005AAF2F /* Build configuration list for PBXProject "Meals" */ = {
			isa = XCConfigurationList;
			buildConfigurations = (
				E17C0CBD2AE0E91C005AAF2F /* Debug */,
				E17C0CBE2AE0E91C005AAF2F /* Release */,
			);
			defaultConfigurationIsVisible = 0;
			defaultConfigurationName = Release;
		};
		E17C0CBF2AE0E91C005AAF2F /* Build configuration list for PBXNativeTarget "Meals" */ = {
			isa = XCConfigurationList;
			buildConfigurations = (
				E17C0CC02AE0E91C005AAF2F /* Debug */,
				E17C0CC12AE0E91C005AAF2F /* Release */,
			);
			defaultConfigurationIsVisible = 0;
			defaultConfigurationName = Release;
		};
		E17C0CD52AE11FA0005AAF2F /* Build configuration list for PBXNativeTarget "MealsTests" */ = {
			isa = XCConfigurationList;
			buildConfigurations = (
				E17C0CD62AE11FA0005AAF2F /* Debug */,
				E17C0CD72AE11FA0005AAF2F /* Release */,
			);
			defaultConfigurationIsVisible = 0;
			defaultConfigurationName = Release;
		};
/* End XCConfigurationList section */

/* Begin XCRemoteSwiftPackageReference section */
		E162C2A82AE2EFA0008C34A4 /* XCRemoteSwiftPackageReference "Alamofire" */ = {
			isa = XCRemoteSwiftPackageReference;
			repositoryURL = "https://github.com/Alamofire/Alamofire.git";
			requirement = {
				kind = exactVersion;
				version = 5.8.0;
			};
		};
/* End XCRemoteSwiftPackageReference section */

/* Begin XCSwiftPackageProductDependency section */
		E162C2A92AE2EFA0008C34A4 /* Alamofire */ = {
			isa = XCSwiftPackageProductDependency;
			package = E162C2A82AE2EFA0008C34A4 /* XCRemoteSwiftPackageReference "Alamofire" */;
			productName = Alamofire;
		};
/* End XCSwiftPackageProductDependency section */

/* Begin XCVersionGroup section */
		E18F14CA2AE1F2A000163139 /* UserAccountsStore.xcdatamodeld */ = {
			isa = XCVersionGroup;
			children = (
				E18F14CB2AE1F2A000163139 /* UserAccountsStore.xcdatamodel */,
			);
			currentVersion = E18F14CB2AE1F2A000163139 /* UserAccountsStore.xcdatamodel */;
			path = UserAccountsStore.xcdatamodeld;
			sourceTree = "<group>";
			versionGroupType = wrapper.xcdatamodel;
		};
/* End XCVersionGroup section */
	};
	rootObject = E17C0CA32AE0E91B005AAF2F /* Project object */;
}
